
Microsoft Visual Studio Solution File, Format Version 12.00
# Visual Studio Version 17
VisualStudioVersion = 17.5.002.0
MinimumVisualStudioVersion = 10.0.40219.1
Project("{2150E333-8FDC-42A3-9474-1A3956D46DE8}") = "csharp-prep", "csharp-prep", "{22F0452D-66D8-4E0E-8498-11E77D3DB4BE}"
EndProject
Project("{9A19103F-16F7-4668-BE54-9A1E7A4F7556}") = "Prep1", "csharp-prep\Prep1\Prep1.csproj", "{45119155-5774-42F9-AB4C-551BFC0129D8}"
EndProject
Project("{9A19103F-16F7-4668-BE54-9A1E7A4F7556}") = "Prep2", "csharp-prep\Prep2\Prep2.csproj", "{2790E830-203A-4993-AA29-F22DA66B0DC3}"
EndProject
Project("{9A19103F-16F7-4668-BE54-9A1E7A4F7556}") = "Prep3", "csharp-prep\Prep3\Prep3.csproj", "{0625C170-56AB-42F8-8867-E5018ACE7A46}"
EndProject
Project("{9A19103F-16F7-4668-BE54-9A1E7A4F7556}") = "Prep4", "csharp-prep\Prep4\Prep4.csproj", "{07A3B19E-5F73-4F0B-A85E-4C3D35C045D0}"
EndProject
Project("{9A19103F-16F7-4668-BE54-9A1E7A4F7556}") = "Prep5", "csharp-prep\Prep5\Prep5.csproj", "{A580E388-1CE6-45F1-824B-028E9D3CD784}"
EndProject
Project("{2150E333-8FDC-42A3-9474-1A3956D46DE8}") = "final", "final", "{A15C81EA-F544-4035-942E-859C9F46AFF3}"
EndProject
Project("{9A19103F-16F7-4668-BE54-9A1E7A4F7556}") = "FinalProject", "final\FinalProject\FinalProject.csproj", "{F4514024-7AF9-4140-B192-50281B40B4F5}"
EndProject
Project("{9A19103F-16F7-4668-BE54-9A1E7A4F7556}") = "Foundation1", "final\Foundation1\Foundation1.csproj", "{C60CAF34-A465-4C45-A55B-20A23C821BC2}"
EndProject
Project("{9A19103F-16F7-4668-BE54-9A1E7A4F7556}") = "Foundation2", "final\Foundation2\Foundation2.csproj", "{8CFAF2F9-1BD0-4896-B3A9-9DF6551E492C}"
EndProject
Project("{9A19103F-16F7-4668-BE54-9A1E7A4F7556}") = "Foundation3", "final\Foundation3\Foundation3.csproj", "{78407BAD-DB65-4314-AFEA-883899923FAE}"
EndProject
Project("{9A19103F-16F7-4668-BE54-9A1E7A4F7556}") = "Foundation4", "final\Foundation4\Foundation4.csproj", "{CA52B83A-1888-4D1A-BE1C-6B256D4551A2}"
EndProject
Project("{2150E333-8FDC-42A3-9474-1A3956D46DE8}") = "prepare", "prepare", "{5661604B-6DA6-4CE4-950D-658AB9539E39}"
EndProject
Project("{9A19103F-16F7-4668-BE54-9A1E7A4F7556}") = "Learning02", "prepare\Learning02\Learning02.csproj", "{E3C3C222-1A0A-4C23-B6B0-5AB397C108A0}"
EndProject
Project("{9A19103F-16F7-4668-BE54-9A1E7A4F7556}") = "Learning03", "prepare\Learning03\Learning03.csproj", "{642BDBAF-AF3F-495F-B55F-8DFD26628BED}"
EndProject
Project("{9A19103F-16F7-4668-BE54-9A1E7A4F7556}") = "Learning04", "prepare\Learning04\Learning04.csproj", "{447845CF-7205-43C7-B6C5-4FE30891BFBD}"
EndProject
Project("{9A19103F-16F7-4668-BE54-9A1E7A4F7556}") = "Learning05", "prepare\Learning05\Learning05.csproj", "{F92F9F5F-4D0F-4CBC-BEE5-B7A813F5F408}"
EndProject
Project("{2150E333-8FDC-42A3-9474-1A3956D46DE8}") = "prove", "prove", "{CD14A6C2-7A8C-425F-82C0-797479FE8593}"
EndProject
Project("{9A19103F-16F7-4668-BE54-9A1E7A4F7556}") = "Develop02", "prove\Develop02\Develop02.csproj", "{7AE8E4A7-2D48-41FB-95B3-880064D19B0C}"
EndProject
Project("{9A19103F-16F7-4668-BE54-9A1E7A4F7556}") = "Develop03", "prove\Develop03\Develop03.csproj", "{52401FEA-2CCA-467F-ACC8-DCE105752AD0}"
EndProject
Project("{9A19103F-16F7-4668-BE54-9A1E7A4F7556}") = "Develop04", "prove\Develop04\Develop04.csproj", "{F9B55587-C27D-459C-B11F-BFCB9839EA0C}"
EndProject
Project("{9A19103F-16F7-4668-BE54-9A1E7A4F7556}") = "Develop05", "prove\Develop05\Develop05.csproj", "{9E1D4269-9D77-4DC5-8C45-87FA51A39C57}"
EndProject
Project("{2150E333-8FDC-42A3-9474-1A3956D46DE8}") = "sandbox", "sandbox", "{57289D34-2C09-4702-A4B8-D6B3202BFC6B}"
EndProject
Project("{9A19103F-16F7-4668-BE54-9A1E7A4F7556}") = "Sandbox", "sandbox\Sandbox\Sandbox.csproj", "{0024F96F-E11A-4CEE-B9FB-65AC8CEB243E}"
EndProject
Global
	GlobalSection(SolutionConfigurationPlatforms) = preSolution
		Debug|Any CPU = Debug|Any CPU
		Release|Any CPU = Release|Any CPU
	EndGlobalSection
	GlobalSection(ProjectConfigurationPlatforms) = postSolution
		{45119155-5774-42F9-AB4C-551BFC0129D8}.Debug|Any CPU.ActiveCfg = Debug|Any CPU
		{45119155-5774-42F9-AB4C-551BFC0129D8}.Debug|Any CPU.Build.0 = Debug|Any CPU
		{45119155-5774-42F9-AB4C-551BFC0129D8}.Release|Any CPU.ActiveCfg = Release|Any CPU
		{45119155-5774-42F9-AB4C-551BFC0129D8}.Release|Any CPU.Build.0 = Release|Any CPU
		{2790E830-203A-4993-AA29-F22DA66B0DC3}.Debug|Any CPU.ActiveCfg = Debug|Any CPU
		{2790E830-203A-4993-AA29-F22DA66B0DC3}.Debug|Any CPU.Build.0 = Debug|Any CPU
		{2790E830-203A-4993-AA29-F22DA66B0DC3}.Release|Any CPU.ActiveCfg = Release|Any CPU
		{2790E830-203A-4993-AA29-F22DA66B0DC3}.Release|Any CPU.Build.0 = Release|Any CPU
		{0625C170-56AB-42F8-8867-E5018ACE7A46}.Debug|Any CPU.ActiveCfg = Debug|Any CPU
		{0625C170-56AB-42F8-8867-E5018ACE7A46}.Debug|Any CPU.Build.0 = Debug|Any CPU
		{0625C170-56AB-42F8-8867-E5018ACE7A46}.Release|Any CPU.ActiveCfg = Release|Any CPU
		{0625C170-56AB-42F8-8867-E5018ACE7A46}.Release|Any CPU.Build.0 = Release|Any CPU
		{07A3B19E-5F73-4F0B-A85E-4C3D35C045D0}.Debug|Any CPU.ActiveCfg = Debug|Any CPU
		{07A3B19E-5F73-4F0B-A85E-4C3D35C045D0}.Debug|Any CPU.Build.0 = Debug|Any CPU
		{07A3B19E-5F73-4F0B-A85E-4C3D35C045D0}.Release|Any CPU.ActiveCfg = Release|Any CPU
		{07A3B19E-5F73-4F0B-A85E-4C3D35C045D0}.Release|Any CPU.Build.0 = Release|Any CPU
		{A580E388-1CE6-45F1-824B-028E9D3CD784}.Debug|Any CPU.ActiveCfg = Debug|Any CPU
		{A580E388-1CE6-45F1-824B-028E9D3CD784}.Debug|Any CPU.Build.0 = Debug|Any CPU
		{A580E388-1CE6-45F1-824B-028E9D3CD784}.Release|Any CPU.ActiveCfg = Release|Any CPU
		{A580E388-1CE6-45F1-824B-028E9D3CD784}.Release|Any CPU.Build.0 = Release|Any CPU
		{F4514024-7AF9-4140-B192-50281B40B4F5}.Debug|Any CPU.ActiveCfg = Debug|Any CPU
		{F4514024-7AF9-4140-B192-50281B40B4F5}.Debug|Any CPU.Build.0 = Debug|Any CPU
		{F4514024-7AF9-4140-B192-50281B40B4F5}.Release|Any CPU.ActiveCfg = Release|Any CPU
		{F4514024-7AF9-4140-B192-50281B40B4F5}.Release|Any CPU.Build.0 = Release|Any CPU
		{C60CAF34-A465-4C45-A55B-20A23C821BC2}.Debug|Any CPU.ActiveCfg = Debug|Any CPU
		{C60CAF34-A465-4C45-A55B-20A23C821BC2}.Debug|Any CPU.Build.0 = Debug|Any CPU
		{C60CAF34-A465-4C45-A55B-20A23C821BC2}.Release|Any CPU.ActiveCfg = Release|Any CPU
		{C60CAF34-A465-4C45-A55B-20A23C821BC2}.Release|Any CPU.Build.0 = Release|Any CPU
		{8CFAF2F9-1BD0-4896-B3A9-9DF6551E492C}.Debug|Any CPU.ActiveCfg = Debug|Any CPU
		{8CFAF2F9-1BD0-4896-B3A9-9DF6551E492C}.Debug|Any CPU.Build.0 = Debug|Any CPU
		{8CFAF2F9-1BD0-4896-B3A9-9DF6551E492C}.Release|Any CPU.ActiveCfg = Release|Any CPU
		{8CFAF2F9-1BD0-4896-B3A9-9DF6551E492C}.Release|Any CPU.Build.0 = Release|Any CPU
		{78407BAD-DB65-4314-AFEA-883899923FAE}.Debug|Any CPU.ActiveCfg = Debug|Any CPU
		{78407BAD-DB65-4314-AFEA-883899923FAE}.Debug|Any CPU.Build.0 = Debug|Any CPU
		{78407BAD-DB65-4314-AFEA-883899923FAE}.Release|Any CPU.ActiveCfg = Release|Any CPU
		{78407BAD-DB65-4314-AFEA-883899923FAE}.Release|Any CPU.Build.0 = Release|Any CPU
		{CA52B83A-1888-4D1A-BE1C-6B256D4551A2}.Debug|Any CPU.ActiveCfg = Debug|Any CPU
		{CA52B83A-1888-4D1A-BE1C-6B256D4551A2}.Debug|Any CPU.Build.0 = Debug|Any CPU
		{CA52B83A-1888-4D1A-BE1C-6B256D4551A2}.Release|Any CPU.ActiveCfg = Release|Any CPU
		{CA52B83A-1888-4D1A-BE1C-6B256D4551A2}.Release|Any CPU.Build.0 = Release|Any CPU
		{E3C3C222-1A0A-4C23-B6B0-5AB397C108A0}.Debug|Any CPU.ActiveCfg = Debug|Any CPU
		{E3C3C222-1A0A-4C23-B6B0-5AB397C108A0}.Debug|Any CPU.Build.0 = Debug|Any CPU
		{E3C3C222-1A0A-4C23-B6B0-5AB397C108A0}.Release|Any CPU.ActiveCfg = Release|Any CPU
		{E3C3C222-1A0A-4C23-B6B0-5AB397C108A0}.Release|Any CPU.Build.0 = Release|Any CPU
		{642BDBAF-AF3F-495F-B55F-8DFD26628BED}.Debug|Any CPU.ActiveCfg = Debug|Any CPU
		{642BDBAF-AF3F-495F-B55F-8DFD26628BED}.Debug|Any CPU.Build.0 = Debug|Any CPU
		{642BDBAF-AF3F-495F-B55F-8DFD26628BED}.Release|Any CPU.ActiveCfg = Release|Any CPU
		{642BDBAF-AF3F-495F-B55F-8DFD26628BED}.Release|Any CPU.Build.0 = Release|Any CPU
		{447845CF-7205-43C7-B6C5-4FE30891BFBD}.Debug|Any CPU.ActiveCfg = Debug|Any CPU
		{447845CF-7205-43C7-B6C5-4FE30891BFBD}.Debug|Any CPU.Build.0 = Debug|Any CPU
		{447845CF-7205-43C7-B6C5-4FE30891BFBD}.Release|Any CPU.ActiveCfg = Release|Any CPU
		{447845CF-7205-43C7-B6C5-4FE30891BFBD}.Release|Any CPU.Build.0 = Release|Any CPU
		{F92F9F5F-4D0F-4CBC-BEE5-B7A813F5F408}.Debug|Any CPU.ActiveCfg = Debug|Any CPU
		{F92F9F5F-4D0F-4CBC-BEE5-B7A813F5F408}.Debug|Any CPU.Build.0 = Debug|Any CPU
		{F92F9F5F-4D0F-4CBC-BEE5-B7A813F5F408}.Release|Any CPU.ActiveCfg = Release|Any CPU
		{F92F9F5F-4D0F-4CBC-BEE5-B7A813F5F408}.Release|Any CPU.Build.0 = Release|Any CPU
		{7AE8E4A7-2D48-41FB-95B3-880064D19B0C}.Debug|Any CPU.ActiveCfg = Debug|Any CPU
		{7AE8E4A7-2D48-41FB-95B3-880064D19B0C}.Debug|Any CPU.Build.0 = Debug|Any CPU
		{7AE8E4A7-2D48-41FB-95B3-880064D19B0C}.Release|Any CPU.ActiveCfg = Release|Any CPU
		{7AE8E4A7-2D48-41FB-95B3-880064D19B0C}.Release|Any CPU.Build.0 = Release|Any CPU
		{52401FEA-2CCA-467F-ACC8-DCE105752AD0}.Debug|Any CPU.ActiveCfg = Debug|Any CPU
		{52401FEA-2CCA-467F-ACC8-DCE105752AD0}.Debug|Any CPU.Build.0 = Debug|Any CPU
		{52401FEA-2CCA-467F-ACC8-DCE105752AD0}.Release|Any CPU.ActiveCfg = Release|Any CPU
		{52401FEA-2CCA-467F-ACC8-DCE105752AD0}.Release|Any CPU.Build.0 = Release|Any CPU
		{F9B55587-C27D-459C-B11F-BFCB9839EA0C}.Debug|Any CPU.ActiveCfg = Debug|Any CPU
		{F9B55587-C27D-459C-B11F-BFCB9839EA0C}.Debug|Any CPU.Build.0 = Debug|Any CPU
		{F9B55587-C27D-459C-B11F-BFCB9839EA0C}.Release|Any CPU.ActiveCfg = Release|Any CPU
		{F9B55587-C27D-459C-B11F-BFCB9839EA0C}.Release|Any CPU.Build.0 = Release|Any CPU
		{9E1D4269-9D77-4DC5-8C45-87FA51A39C57}.Debug|Any CPU.ActiveCfg = Debug|Any CPU
		{9E1D4269-9D77-4DC5-8C45-87FA51A39C57}.Debug|Any CPU.Build.0 = Debug|Any CPU
		{9E1D4269-9D77-4DC5-8C45-87FA51A39C57}.Release|Any CPU.ActiveCfg = Release|Any CPU
		{9E1D4269-9D77-4DC5-8C45-87FA51A39C57}.Release|Any CPU.Build.0 = Release|Any CPU
		{0024F96F-E11A-4CEE-B9FB-65AC8CEB243E}.Debug|Any CPU.ActiveCfg = Debug|Any CPU
		{0024F96F-E11A-4CEE-B9FB-65AC8CEB243E}.Debug|Any CPU.Build.0 = Debug|Any CPU
		{0024F96F-E11A-4CEE-B9FB-65AC8CEB243E}.Release|Any CPU.ActiveCfg = Release|Any CPU
		{0024F96F-E11A-4CEE-B9FB-65AC8CEB243E}.Release|Any CPU.Build.0 = Release|Any CPU
	EndGlobalSection
	GlobalSection(SolutionProperties) = preSolution
		HideSolutionNode = FALSE
	EndGlobalSection
	GlobalSection(NestedProjects) = preSolution
		{45119155-5774-42F9-AB4C-551BFC0129D8} = {22F0452D-66D8-4E0E-8498-11E77D3DB4BE}
		{2790E830-203A-4993-AA29-F22DA66B0DC3} = {22F0452D-66D8-4E0E-8498-11E77D3DB4BE}
		{0625C170-56AB-42F8-8867-E5018ACE7A46} = {22F0452D-66D8-4E0E-8498-11E77D3DB4BE}
		{07A3B19E-5F73-4F0B-A85E-4C3D35C045D0} = {22F0452D-66D8-4E0E-8498-11E77D3DB4BE}
		{A580E388-1CE6-45F1-824B-028E9D3CD784} = {22F0452D-66D8-4E0E-8498-11E77D3DB4BE}
		{F4514024-7AF9-4140-B192-50281B40B4F5} = {A15C81EA-F544-4035-942E-859C9F46AFF3}
		{C60CAF34-A465-4C45-A55B-20A23C821BC2} = {A15C81EA-F544-4035-942E-859C9F46AFF3}
		{8CFAF2F9-1BD0-4896-B3A9-9DF6551E492C} = {A15C81EA-F544-4035-942E-859C9F46AFF3}
		{78407BAD-DB65-4314-AFEA-883899923FAE} = {A15C81EA-F544-4035-942E-859C9F46AFF3}
		{CA52B83A-1888-4D1A-BE1C-6B256D4551A2} = {A15C81EA-F544-4035-942E-859C9F46AFF3}
		{E3C3C222-1A0A-4C23-B6B0-5AB397C108A0} = {5661604B-6DA6-4CE4-950D-658AB9539E39}
		{642BDBAF-AF3F-495F-B55F-8DFD26628BED} = {5661604B-6DA6-4CE4-950D-658AB9539E39}
		{447845CF-7205-43C7-B6C5-4FE30891BFBD} = {5661604B-6DA6-4CE4-950D-658AB9539E39}
		{F92F9F5F-4D0F-4CBC-BEE5-B7A813F5F408} = {5661604B-6DA6-4CE4-950D-658AB9539E39}
		{7AE8E4A7-2D48-41FB-95B3-880064D19B0C} = {CD14A6C2-7A8C-425F-82C0-797479FE8593}
		{52401FEA-2CCA-467F-ACC8-DCE105752AD0} = {CD14A6C2-7A8C-425F-82C0-797479FE8593}
		{F9B55587-C27D-459C-B11F-BFCB9839EA0C} = {CD14A6C2-7A8C-425F-82C0-797479FE8593}
		{9E1D4269-9D77-4DC5-8C45-87FA51A39C57} = {CD14A6C2-7A8C-425F-82C0-797479FE8593}
		{0024F96F-E11A-4CEE-B9FB-65AC8CEB243E} = {57289D34-2C09-4702-A4B8-D6B3202BFC6B}
	EndGlobalSection
	GlobalSection(ExtensibilityGlobals) = postSolution
		SolutionGuid = {1FE7E02C-A9B2-482B-B358-3DC709CF076D}
	EndGlobalSection
EndGlobal
